{
  "name": "neat-expected-goals",
  "version": "1.0.0",
  "lockfileVersion": 1,
  "requires": true,
  "dependencies": {
    "justneat": {
      "version": "0.2.7",
      "resolved": "https://registry.npmjs.org/justneat/-/justneat-0.2.7.tgz",
      "integrity": "sha512-3gwaSf+QUDE46Qhc+cribpuDxlYysNjb88+rnKVjey2orh/nl11exTaRVvndm4eYVD6LILj0ZwcvlpGiXlFvqQ=="
    }
  }
}
