{
  "name": "neat-expected-goals",
  "version": "1.0.0",
  "lockfileVersion": 2,
  "requires": true,
  "packages": {
    "": {
      "name": "neat-expected-goals",
      "version": "1.0.0",
      "license": "ISC",
      "dependencies": {
        "neat_net-js": "^1.0.14"
      }
    },
    "node_modules/neat_net-js": {
      "version": "1.0.14",
      "resolved": "https://registry.npmjs.org/neat_net-js/-/neat_net-js-1.0.14.tgz",
      "integrity": "sha512-KKzjF0x3ys/OHjFPhuqpQ23Xd354kVYMvU7qryen7dnCMKttnt2a6UN8Ldtq3Lrdwowtyj5JgZbOJ6YpugUO+w=="
    }
  },
  "dependencies": {
    "neat_net-js": {
      "version": "1.0.14",
      "resolved": "https://registry.npmjs.org/neat_net-js/-/neat_net-js-1.0.14.tgz",
      "integrity": "sha512-KKzjF0x3ys/OHjFPhuqpQ23Xd354kVYMvU7qryen7dnCMKttnt2a6UN8Ldtq3Lrdwowtyj5JgZbOJ6YpugUO+w=="
    }
  }
}
